<?xml version="1.0" encoding="utf-8"?>
<Project xmlns="http://schemas.microsoft.com/developer/msbuild/2003">
  <ItemGroup>
    <Filter Include="Form Files">
      <UniqueIdentifier>{99349809-55BA-4b9d-BF79-8FDBB0286EB3}</UniqueIdentifier>
      <Extensions>ui</Extensions>
      <ParseFiles>false</ParseFiles>
    </Filter>
    <Filter Include="Form Files">
      <UniqueIdentifier>{99349809-55BA-4b9d-BF79-8FDBB0286EB3}</UniqueIdentifier>
      <Extensions>ui</Extensions>
      <ParseFiles>false</ParseFiles>
    </Filter>
    <Filter Include="Generated Files">
      <UniqueIdentifier>{71ED8ED8-ACB9-4CE9-BBE1-E00B30144E11}</UniqueIdentifier>
      <Extensions>cpp;c;cxx;moc;h;def;odl;idl;res;</Extensions>
    </Filter>
    <Filter Include="Generated Files">
      <UniqueIdentifier>{71ED8ED8-ACB9-4CE9-BBE1-E00B30144E11}</UniqueIdentifier>
      <Extensions>cpp;c;cxx;moc;h;def;odl;idl;res;</Extensions>
    </Filter>
    <Filter Include="Header Files">
      <UniqueIdentifier>{93995380-89BD-4b04-88EB-625FBE52EBFB}</UniqueIdentifier>
      <Extensions>h;hpp;hxx;hm;inl;inc;xsd</Extensions>
    </Filter>
    <Filter Include="Header Files">
      <UniqueIdentifier>{93995380-89BD-4b04-88EB-625FBE52EBFB}</UniqueIdentifier>
      <Extensions>h;hpp;hxx;hm;inl;inc;xsd</Extensions>
    </Filter>
    <Filter Include="Resource Files">
      <UniqueIdentifier>{D9D6E242-F8AF-46E4-B9FD-80ECBC20BA3E}</UniqueIdentifier>
      <Extensions>qrc;*</Extensions>
      <ParseFiles>false</ParseFiles>
    </Filter>
    <Filter Include="Resource Files">
      <UniqueIdentifier>{D9D6E242-F8AF-46E4-B9FD-80ECBC20BA3E}</UniqueIdentifier>
      <Extensions>qrc;*</Extensions>
      <ParseFiles>false</ParseFiles>
    </Filter>
    <Filter Include="Source Files">
      <UniqueIdentifier>{4FC737F1-C7A5-4376-A066-2A32D752A2FF}</UniqueIdentifier>
      <Extensions>cpp;c;cxx;def;odl;idl;hpj;bat;asm;asmx</Extensions>
    </Filter>
    <Filter Include="Source Files">
      <UniqueIdentifier>{4FC737F1-C7A5-4376-A066-2A32D752A2FF}</UniqueIdentifier>
      <Extensions>cpp;c;cxx;def;odl;idl;hpj;bat;asm;asmx</Extensions>
    </Filter>
  </ItemGroup>
  <ItemGroup>
    <ClCompile Include="httpmanager.cpp">
      <Filter>Source Files</Filter>
    </ClCompile>
    <ClCompile Include="lobbymanager.cpp">
      <Filter>Source Files</Filter>
    </ClCompile>
    <ClCompile Include="lockfilereader.cpp">
      <Filter>Source Files</Filter>
    </ClCompile>
    <ClCompile Include="main.cpp">
      <Filter>Source Files</Filter>
    </ClCompile>
    <ClCompile Include="mainwindow.cpp">
      <Filter>Source Files</Filter>
    </ClCompile>
    <ClCompile Include="queuesinfo.cpp">
      <Filter>Source Files</Filter>
    </ClCompile>
  </ItemGroup>
  <ItemGroup>
    <QtMoc Include="httpmanager.h">
      <Filter>Header Files</Filter>
    </QtMoc>
    <QtMoc Include="lobbymanager.h">
      <Filter>Header Files</Filter>
    </QtMoc>
    <QtMoc Include="lockfilereader.h">
      <Filter>Header Files</Filter>
    </QtMoc>
    <QtMoc Include="mainwindow.h">
      <Filter>Header Files</Filter>
    </QtMoc>
    <ClInclude Include="processinfo.h">
      <Filter>Header Files</Filter>
    </ClInclude>
    <ClInclude Include="queues.h">
      <Filter>Header Files</Filter>
    </ClInclude>
    <QtMoc Include="queuesinfo.h">
      <Filter>Header Files</Filter>
    </QtMoc>
    <ClInclude Include="version.h">
      <Filter>Header Files</Filter>
    </ClInclude>
  </ItemGroup>
  <ItemGroup>
    <CustomBuild Include="debug\moc_predefs.h.cbt">
      <Filter>Generated Files</Filter>
    </CustomBuild>
    <CustomBuild Include="release\moc_predefs.h.cbt">
      <Filter>Generated Files</Filter>
    </CustomBuild>
  </ItemGroup>
  <ItemGroup>
    <QtUic Include="mainwindow.ui">
      <Filter>Form Files</Filter>
    </QtUic>
  </ItemGroup>
  <ItemGroup>
    <None Include="resources\Dark.qss">
      <Filter>Resource Files</Filter>
    </None>
    <None Include="resources\Dark\settings\advanced.svg">
      <Filter>Resource Files</Filter>
    </None>
    <None Include="resources\Dark\settings\audio.svg">
      <Filter>Resource Files</Filter>
    </None>
    <None Include="resources\Dark\sources\brush.svg">
      <Filter>Resource Files</Filter>
    </None>
    <None Include="resources\Dark\sources\camera.svg">
      <Filter>Resource Files</Filter>
    </None>
    <None Include="resources\Dark\close.svg">
      <Filter>Resource Files</Filter>
    </None>
    <None Include="resources\Dark\sources\default.svg">
      <Filter>Resource Files</Filter>
    </None>
    <None Include="resources\Dark\down.svg">
      <Filter>Resource Files</Filter>
    </None>
    <None Include="resources\Dark\expand.svg">
      <Filter>Resource Files</Filter>
    </None>
    <None Include="resources\Dark\sources\gamepad.svg">
      <Filter>Resource Files</Filter>
    </None>
    <None Include="resources\Dark\settings\general.svg">
      <Filter>Resource Files</Filter>
    </None>
    <None Include="resources\Dark\sources\globe.svg">
      <Filter>Resource Files</Filter>
    </None>
    <None Include="resources\Dark\sources\group.svg">
      <Filter>Resource Files</Filter>
    </None>
    <None Include="resources\Dark\settings\hotkeys.svg">
      <Filter>Resource Files</Filter>
    </None>
    <None Include="resources\Dark\sources\image.svg">
      <Filter>Resource Files</Filter>
    </None>
    <None Include="resources\Dark\locked.svg">
      <Filter>Resource Files</Filter>
    </None>
    <None Include="resources\Dark\media-pause.svg">
      <Filter>Resource Files</Filter>
    </None>
    <None Include="resources\Dark\sources\media.svg">
      <Filter>Resource Files</Filter>
    </None>
    <None Include="resources\Dark\sources\microphone.svg">
      <Filter>Resource Files</Filter>
    </None>
    <None Include="resources\Dark\minus.svg">
      <Filter>Resource Files</Filter>
    </None>
    <None Include="resources\Dark\mute.svg">
      <Filter>Resource Files</Filter>
    </None>
    <None Include="resources\Dark\no_sources.svg">
      <Filter>Resource Files</Filter>
    </None>
    <None Include="resources\Dark\settings\output.svg">
      <Filter>Resource Files</Filter>
    </None>
    <None Include="resources\Dark\plus.svg">
      <Filter>Resource Files</Filter>
    </None>
    <None Include="resources\Dark\popout.svg">
      <Filter>Resource Files</Filter>
    </None>
    <None Include="resources\Dark\refresh.svg">
      <Filter>Resource Files</Filter>
    </None>
    <QtRcc Include="res.qrc">
      <Filter>Resource Files</Filter>
    </QtRcc>
    <None Include="resources\Dark\revert.svg">
      <Filter>Resource Files</Filter>
    </None>
    <None Include="resources\Dark\save.svg">
      <Filter>Resource Files</Filter>
    </None>
    <None Include="resources\Dark\sources\scene.svg">
      <Filter>Resource Files</Filter>
    </None>
    <None Include="resources\Dark\sources\slideshow.svg">
      <Filter>Resource Files</Filter>
    </None>
    <None Include="resources\Dark\settings\stream.svg">
      <Filter>Resource Files</Filter>
    </None>
    <None Include="resources\Dark\sources\text.svg">
      <Filter>Resource Files</Filter>
    </None>
    <None Include="resources\Dark\trash.svg">
      <Filter>Resource Files</Filter>
    </None>
    <None Include="resources\Dark\up.svg">
      <Filter>Resource Files</Filter>
    </None>
    <None Include="resources\Dark\updown.svg">
      <Filter>Resource Files</Filter>
    </None>
    <None Include="resources\Dark\settings\video.svg">
      <Filter>Resource Files</Filter>
    </None>
    <None Include="resources\Dark\visible.svg">
      <Filter>Resource Files</Filter>
    </None>
    <None Include="resources\Dark\sources\window.svg">
      <Filter>Resource Files</Filter>
    </None>
  </ItemGroup>
  <ItemGroup>
    <ResourceCompile Include=".\LeagueLobby_resource.rc" />
  </ItemGroup>
</Project>